
Microsoft Visual Studio Solution File, Format Version 12.00
# Visual Studio Version 17
VisualStudioVersion = 17.14.36511.14 d17.14
MinimumVisualStudioVersion = 10.0.40219.1
Project("{FAE04EC0-301F-11D3-BF4B-00C04F79EFBC}") = "SOPlus37", "SOPlus37\SOPlus37.csproj", "{029D2E58-A4FC-4996-934C-AB31AD9B05D9}"
EndProject
Global
	GlobalSection(SolutionConfigurationPlatforms) = preSolution
		Debug|Any CPU = Debug|Any CPU
		Release|Any CPU = Release|Any CPU
	EndGlobalSection
	GlobalSection(ProjectConfigurationPlatforms) = postSolution
		{029D2E58-A4FC-4996-934C-AB31AD9B05D9}.Debug|Any CPU.ActiveCfg = Debug|Any CPU
		{029D2E58-A4FC-4996-934C-AB31AD9B05D9}.Debug|Any CPU.Build.0 = Debug|Any CPU
		{029D2E58-A4FC-4996-934C-AB31AD9B05D9}.Release|Any CPU.ActiveCfg = Release|Any CPU
		{029D2E58-A4FC-4996-934C-AB31AD9B05D9}.Release|Any CPU.Build.0 = Release|Any CPU
	EndGlobalSection
	GlobalSection(SolutionProperties) = preSolution
		HideSolutionNode = FALSE
	EndGlobalSection
	GlobalSection(ExtensibilityGlobals) = postSolution
		SolutionGuid = {2BDF8B07-B0DC-403D-9844-A13E028DDB17}
	EndGlobalSection
EndGlobal
